
Microsoft Visual Studio Solution File, Format Version 12.00
# Visual Studio Version 17
VisualStudioVersion = 17.14.37628.2
MinimumVisualStudioVersion = 10.0.40219.1
Project("{FAE04EC0-301F-11D3-BF4B-00C04F79EFBC}") = "Warehouse.Domain", "Warehouse.Domain\Warehouse.Domain.csproj", "{5F0C1827-29BD-4093-803A-2C6A6C87190C}"
EndProject
Project("{FAE04EC0-301F-11D3-BF4B-00C04F79EFBC}") = "Warehouse.Application", "Warehouse.Application\Warehouse.Application.csproj", "{044DA931-7C75-4516-B64A-068C09A00790}"
	ProjectSection(ProjectDependencies) = postProject
		{5F0C1827-29BD-4093-803A-2C6A6C87190C} = {5F0C1827-29BD-4093-803A-2C6A6C87190C}
	EndProjectSection
EndProject
Project("{FAE04EC0-301F-11D3-BF4B-00C04F79EFBC}") = "Warehouse.Infrastructure", "Warehouse.Infrastructure\Warehouse.Infrastructure.csproj", "{57821339-871F-4BD5-8C6D-7DB541D66D32}"
	ProjectSection(ProjectDependencies) = postProject
		{044DA931-7C75-4516-B64A-068C09A00790} = {044DA931-7C75-4516-B64A-068C09A00790}
		{5F0C1827-29BD-4093-803A-2C6A6C87190C} = {5F0C1827-29BD-4093-803A-2C6A6C87190C}
	EndProjectSection
EndProject
Project("{FAE04EC0-301F-11D3-BF4B-00C04F79EFBC}") = "Warehouse.Api", "Warehouse.Api\Warehouse.Api.csproj", "{3D2EA219-5B9C-4800-A94C-4F7259212286}"
	ProjectSection(ProjectDependencies) = postProject
		{044DA931-7C75-4516-B64A-068C09A00790} = {044DA931-7C75-4516-B64A-068C09A00790}
		{57821339-871F-4BD5-8C6D-7DB541D66D32} = {57821339-871F-4BD5-8C6D-7DB541D66D32}
	EndProjectSection
EndProject
Project("{FAE04EC0-301F-11D3-BF4B-00C04F79EFBC}") = "Warehouse.Domain.Tests", "Warehouse.Domain.Tests\Warehouse.Domain.Tests.csproj", "{B614A827-A52F-492C-9746-55924060B5B3}"
EndProject
Project("{2150E333-8FDC-42A3-9474-1A3956D46DE8}") = "Элементы решения", "Элементы решения", "{754FC069-D67B-A9D7-50A1-8D1CA196D8F1}"
	ProjectSection(SolutionItems) = preProject
		.dockerignore = .dockerignore
		.gitignore = .gitignore
		docker-compose.yml = docker-compose.yml
		Dockerfile = Dockerfile
		README.md = README.md
	EndProjectSection
EndProject
Project("{FAE04EC0-301F-11D3-BF4B-00C04F79EFBC}") = "Warehouse.Application.Tests", "Warehouse.Application.Tests\Warehouse.Application.Tests.csproj", "{241B5828-9133-41BC-8D44-0EE007CE48AA}"
EndProject
Project("{2150E333-8FDC-42A3-9474-1A3956D46DE8}") = ".github", ".github", "{36D591C7-65C7-A0D1-1CBC-10CDE441BDC8}"
EndProject
Project("{2150E333-8FDC-42A3-9474-1A3956D46DE8}") = "workflows", "workflows", "{AF2DB8ED-50F8-4832-8609-FD8C1CF34066}"
	ProjectSection(SolutionItems) = preProject
		ci.yml = ci.yml
	EndProjectSection
EndProject
Global
	GlobalSection(SolutionConfigurationPlatforms) = preSolution
		Debug|Any CPU = Debug|Any CPU
		Release|Any CPU = Release|Any CPU
	EndGlobalSection
	GlobalSection(ProjectConfigurationPlatforms) = postSolution
		{5F0C1827-29BD-4093-803A-2C6A6C87190C}.Debug|Any CPU.ActiveCfg = Debug|Any CPU
		{5F0C1827-29BD-4093-803A-2C6A6C87190C}.Debug|Any CPU.Build.0 = Debug|Any CPU
		{5F0C1827-29BD-4093-803A-2C6A6C87190C}.Release|Any CPU.ActiveCfg = Release|Any CPU
		{5F0C1827-29BD-4093-803A-2C6A6C87190C}.Release|Any CPU.Build.0 = Release|Any CPU
		{044DA931-7C75-4516-B64A-068C09A00790}.Debug|Any CPU.ActiveCfg = Debug|Any CPU
		{044DA931-7C75-4516-B64A-068C09A00790}.Debug|Any CPU.Build.0 = Debug|Any CPU
		{044DA931-7C75-4516-B64A-068C09A00790}.Release|Any CPU.ActiveCfg = Release|Any CPU
		{044DA931-7C75-4516-B64A-068C09A00790}.Release|Any CPU.Build.0 = Release|Any CPU
		{57821339-871F-4BD5-8C6D-7DB541D66D32}.Debug|Any CPU.ActiveCfg = Debug|Any CPU
		{57821339-871F-4BD5-8C6D-7DB541D66D32}.Debug|Any CPU.Build.0 = Debug|Any CPU
		{57821339-871F-4BD5-8C6D-7DB541D66D32}.Release|Any CPU.ActiveCfg = Release|Any CPU
		{57821339-871F-4BD5-8C6D-7DB541D66D32}.Release|Any CPU.Build.0 = Release|Any CPU
		{3D2EA219-5B9C-4800-A94C-4F7259212286}.Debug|Any CPU.ActiveCfg = Debug|Any CPU
		{3D2EA219-5B9C-4800-A94C-4F7259212286}.Debug|Any CPU.Build.0 = Debug|Any CPU
		{3D2EA219-5B9C-4800-A94C-4F7259212286}.Release|Any CPU.ActiveCfg = Release|Any CPU
		{3D2EA219-5B9C-4800-A94C-4F7259212286}.Release|Any CPU.Build.0 = Release|Any CPU
		{B614A827-A52F-492C-9746-55924060B5B3}.Debug|Any CPU.ActiveCfg = Debug|Any CPU
		{B614A827-A52F-492C-9746-55924060B5B3}.Debug|Any CPU.Build.0 = Debug|Any CPU
		{B614A827-A52F-492C-9746-55924060B5B3}.Release|Any CPU.ActiveCfg = Release|Any CPU
		{B614A827-A52F-492C-9746-55924060B5B3}.Release|Any CPU.Build.0 = Release|Any CPU
		{241B5828-9133-41BC-8D44-0EE007CE48AA}.Debug|Any CPU.ActiveCfg = Debug|Any CPU
		{241B5828-9133-41BC-8D44-0EE007CE48AA}.Debug|Any CPU.Build.0 = Debug|Any CPU
		{241B5828-9133-41BC-8D44-0EE007CE48AA}.Release|Any CPU.ActiveCfg = Release|Any CPU
		{241B5828-9133-41BC-8D44-0EE007CE48AA}.Release|Any CPU.Build.0 = Release|Any CPU
	EndGlobalSection
	GlobalSection(SolutionProperties) = preSolution
		HideSolutionNode = FALSE
	EndGlobalSection
	GlobalSection(NestedProjects) = preSolution
		{AF2DB8ED-50F8-4832-8609-FD8C1CF34066} = {36D591C7-65C7-A0D1-1CBC-10CDE441BDC8}
	EndGlobalSection
	GlobalSection(ExtensibilityGlobals) = postSolution
		SolutionGuid = {8391D4BB-5C66-4676-BAE3-829680E40B93}
	EndGlobalSection
EndGlobal
